
Microsoft Visual Studio Solution File, Format Version 12.00
Project("{FAE04EC0-301F-11D3-BF4B-00C04F79EFBC}") = "EMD", "EMD\EMD.csproj", "{0E8369D4-0DC6-4018-8DFE-43422CE8EE5E}"
EndProject
Project("{FAE04EC0-301F-11D3-BF4B-00C04F79EFBC}") = "EMD.UnitTests", "EMD.UnitTests\EMD.UnitTests.csproj", "{857EB6E4-B68B-4FB7-BE71-B48BBE5DC57D}"
EndProject
Global
	GlobalSection(SolutionConfigurationPlatforms) = preSolution
		Debug|Any CPU = Debug|Any CPU
		Release|Any CPU = Release|Any CPU
	EndGlobalSection
	GlobalSection(ProjectConfigurationPlatforms) = postSolution
		{0E8369D4-0DC6-4018-8DFE-43422CE8EE5E}.Debug|Any CPU.ActiveCfg = Debug|Any CPU
		{0E8369D4-0DC6-4018-8DFE-43422CE8EE5E}.Debug|Any CPU.Build.0 = Debug|Any CPU
		{0E8369D4-0DC6-4018-8DFE-43422CE8EE5E}.Release|Any CPU.ActiveCfg = Release|Any CPU
		{0E8369D4-0DC6-4018-8DFE-43422CE8EE5E}.Release|Any CPU.Build.0 = Release|Any CPU
		{857EB6E4-B68B-4FB7-BE71-B48BBE5DC57D}.Debug|Any CPU.ActiveCfg = Debug|Any CPU
		{857EB6E4-B68B-4FB7-BE71-B48BBE5DC57D}.Debug|Any CPU.Build.0 = Debug|Any CPU
		{857EB6E4-B68B-4FB7-BE71-B48BBE5DC57D}.Release|Any CPU.ActiveCfg = Release|Any CPU
		{857EB6E4-B68B-4FB7-BE71-B48BBE5DC57D}.Release|Any CPU.Build.0 = Release|Any CPU
	EndGlobalSection
EndGlobal
